
Microsoft Visual Studio Solution File, Format Version 12.00
# Visual Studio Version 17
VisualStudioVersion = 17.0.31903.59
MinimumVisualStudioVersion = 10.0.40219.1
Project("{FAE04EC0-301F-11D3-BF4B-00C04F79EFBC}") = "CentroEventos.Aplicacion", "CentroEventos.Aplicacion\CentroEventos.Aplicacion.csproj", "{AC21DF79-714D-463A-9AEE-6976B118B82E}"
EndProject
Project("{FAE04EC0-301F-11D3-BF4B-00C04F79EFBC}") = "CentroEventos.Repositorios", "CentroEventos.Repositorios\CentroEventos.Repositorios.csproj", "{9CE0D310-59EE-4129-9BA0-615F167AC015}"
EndProject
Project("{FAE04EC0-301F-11D3-BF4B-00C04F79EFBC}") = "CentroEventos.Consola", "CentroEventos.Consola\CentroEventos.Consola.csproj", "{12DE4A13-B7F4-4C75-ACC7-8C8B07FA8CE8}"
EndProject
Global
	GlobalSection(SolutionConfigurationPlatforms) = preSolution
		Debug|Any CPU = Debug|Any CPU
		Release|Any CPU = Release|Any CPU
	EndGlobalSection
	GlobalSection(SolutionProperties) = preSolution
		HideSolutionNode = FALSE
	EndGlobalSection
	GlobalSection(ProjectConfigurationPlatforms) = postSolution
		{AC21DF79-714D-463A-9AEE-6976B118B82E}.Debug|Any CPU.ActiveCfg = Debug|Any CPU
		{AC21DF79-714D-463A-9AEE-6976B118B82E}.Debug|Any CPU.Build.0 = Debug|Any CPU
		{AC21DF79-714D-463A-9AEE-6976B118B82E}.Release|Any CPU.ActiveCfg = Release|Any CPU
		{AC21DF79-714D-463A-9AEE-6976B118B82E}.Release|Any CPU.Build.0 = Release|Any CPU
		{9CE0D310-59EE-4129-9BA0-615F167AC015}.Debug|Any CPU.ActiveCfg = Debug|Any CPU
		{9CE0D310-59EE-4129-9BA0-615F167AC015}.Debug|Any CPU.Build.0 = Debug|Any CPU
		{9CE0D310-59EE-4129-9BA0-615F167AC015}.Release|Any CPU.ActiveCfg = Release|Any CPU
		{9CE0D310-59EE-4129-9BA0-615F167AC015}.Release|Any CPU.Build.0 = Release|Any CPU
		{12DE4A13-B7F4-4C75-ACC7-8C8B07FA8CE8}.Debug|Any CPU.ActiveCfg = Debug|Any CPU
		{12DE4A13-B7F4-4C75-ACC7-8C8B07FA8CE8}.Debug|Any CPU.Build.0 = Debug|Any CPU
		{12DE4A13-B7F4-4C75-ACC7-8C8B07FA8CE8}.Release|Any CPU.ActiveCfg = Release|Any CPU
		{12DE4A13-B7F4-4C75-ACC7-8C8B07FA8CE8}.Release|Any CPU.Build.0 = Release|Any CPU
	EndGlobalSection
EndGlobal
